
Microsoft Visual Studio Solution File, Format Version 12.00
# Visual Studio Version 17
VisualStudioVersion = 17.4.33213.308
MinimumVisualStudioVersion = 10.0.40219.1
Project("{FAE04EC0-301F-11D3-BF4B-00C04F79EFBC}") = "Unit10 Candy", "Unit10 Candy.csproj", "{DD3DCD95-0137-4470-879C-B617ED7ACC23}"
EndProject
Global
	GlobalSection(SolutionConfigurationPlatforms) = preSolution
		Debug|Any CPU = Debug|Any CPU
		Release|Any CPU = Release|Any CPU
	EndGlobalSection
	GlobalSection(ProjectConfigurationPlatforms) = postSolution
		{DD3DCD95-0137-4470-879C-B617ED7ACC23}.Debug|Any CPU.ActiveCfg = Debug|Any CPU
		{DD3DCD95-0137-4470-879C-B617ED7ACC23}.Debug|Any CPU.Build.0 = Debug|Any CPU
		{DD3DCD95-0137-4470-879C-B617ED7ACC23}.Release|Any CPU.ActiveCfg = Release|Any CPU
		{DD3DCD95-0137-4470-879C-B617ED7ACC23}.Release|Any CPU.Build.0 = Release|Any CPU
	EndGlobalSection
	GlobalSection(SolutionProperties) = preSolution
		HideSolutionNode = FALSE
	EndGlobalSection
	GlobalSection(ExtensibilityGlobals) = postSolution
		SolutionGuid = {8EEB7AF3-1C38-4C65-9BA9-77028E963C76}
	EndGlobalSection
EndGlobal
