
Microsoft Visual Studio Solution File, Format Version 12.00
# Visual Studio Version 17
VisualStudioVersion = 17.4.33213.308
MinimumVisualStudioVersion = 10.0.40219.1
Project("{FAE04EC0-301F-11D3-BF4B-00C04F79EFBC}") = "Unit10Lab01", "Unit10Lab01.csproj", "{4C978F06-5AF4-4895-BC76-A14A60A83000}"
EndProject
Global
	GlobalSection(SolutionConfigurationPlatforms) = preSolution
		Debug|Any CPU = Debug|Any CPU
		Release|Any CPU = Release|Any CPU
	EndGlobalSection
	GlobalSection(ProjectConfigurationPlatforms) = postSolution
		{4C978F06-5AF4-4895-BC76-A14A60A83000}.Debug|Any CPU.ActiveCfg = Debug|Any CPU
		{4C978F06-5AF4-4895-BC76-A14A60A83000}.Debug|Any CPU.Build.0 = Debug|Any CPU
		{4C978F06-5AF4-4895-BC76-A14A60A83000}.Release|Any CPU.ActiveCfg = Release|Any CPU
		{4C978F06-5AF4-4895-BC76-A14A60A83000}.Release|Any CPU.Build.0 = Release|Any CPU
	EndGlobalSection
	GlobalSection(SolutionProperties) = preSolution
		HideSolutionNode = FALSE
	EndGlobalSection
	GlobalSection(ExtensibilityGlobals) = postSolution
		SolutionGuid = {6E3B0FA3-DCC3-4C4F-B775-6E321DC6E5E0}
	EndGlobalSection
EndGlobal
