
Microsoft Visual Studio Solution File, Format Version 12.00
# Visual Studio Version 17
VisualStudioVersion = 17.4.33213.308
MinimumVisualStudioVersion = 10.0.40219.1
Project("{FAE04EC0-301F-11D3-BF4B-00C04F79EFBC}") = "Unit07Lab01 Income Tax Rate", "Unit07Lab01 Income Tax Rate.csproj", "{D320BAAF-955E-4377-8AB4-22EBE38258DE}"
EndProject
Global
	GlobalSection(SolutionConfigurationPlatforms) = preSolution
		Debug|Any CPU = Debug|Any CPU
		Release|Any CPU = Release|Any CPU
	EndGlobalSection
	GlobalSection(ProjectConfigurationPlatforms) = postSolution
		{D320BAAF-955E-4377-8AB4-22EBE38258DE}.Debug|Any CPU.ActiveCfg = Debug|Any CPU
		{D320BAAF-955E-4377-8AB4-22EBE38258DE}.Debug|Any CPU.Build.0 = Debug|Any CPU
		{D320BAAF-955E-4377-8AB4-22EBE38258DE}.Release|Any CPU.ActiveCfg = Release|Any CPU
		{D320BAAF-955E-4377-8AB4-22EBE38258DE}.Release|Any CPU.Build.0 = Release|Any CPU
	EndGlobalSection
	GlobalSection(SolutionProperties) = preSolution
		HideSolutionNode = FALSE
	EndGlobalSection
	GlobalSection(ExtensibilityGlobals) = postSolution
		SolutionGuid = {08DCC596-06A4-45C5-94EF-47C9F0E4D6E9}
	EndGlobalSection
EndGlobal
