
Microsoft Visual Studio Solution File, Format Version 12.00
# Visual Studio Version 17
VisualStudioVersion = 17.4.33213.308
MinimumVisualStudioVersion = 10.0.40219.1
Project("{FAE04EC0-301F-11D3-BF4B-00C04F79EFBC}") = "Unit06Lab01 Rectangle", "Unit06Lab01 Rectangle.csproj", "{2437CE56-9A6B-462B-9941-9140F875F103}"
EndProject
Global
	GlobalSection(SolutionConfigurationPlatforms) = preSolution
		Debug|Any CPU = Debug|Any CPU
		Release|Any CPU = Release|Any CPU
	EndGlobalSection
	GlobalSection(ProjectConfigurationPlatforms) = postSolution
		{2437CE56-9A6B-462B-9941-9140F875F103}.Debug|Any CPU.ActiveCfg = Debug|Any CPU
		{2437CE56-9A6B-462B-9941-9140F875F103}.Debug|Any CPU.Build.0 = Debug|Any CPU
		{2437CE56-9A6B-462B-9941-9140F875F103}.Release|Any CPU.ActiveCfg = Release|Any CPU
		{2437CE56-9A6B-462B-9941-9140F875F103}.Release|Any CPU.Build.0 = Release|Any CPU
	EndGlobalSection
	GlobalSection(SolutionProperties) = preSolution
		HideSolutionNode = FALSE
	EndGlobalSection
	GlobalSection(ExtensibilityGlobals) = postSolution
		SolutionGuid = {BD4DFC71-179F-4863-85B1-59782A30EF3F}
	EndGlobalSection
EndGlobal
